
Microsoft Visual Studio Solution File, Format Version 12.00
# Visual Studio Version 17
VisualStudioVersion = 17.3.32811.315
MinimumVisualStudioVersion = 10.0.40219.1
Project("{F184B08F-C81C-45F6-A57F-5ABD9991F28F}") = "Projeto_interface_grafica1", "Projeto_interface_grafica1.vbproj", "{E01AC1AB-0AAF-48D6-89BE-840EEB9587EF}"
EndProject
Global
	GlobalSection(SolutionConfigurationPlatforms) = preSolution
		Debug|Any CPU = Debug|Any CPU
		Release|Any CPU = Release|Any CPU
	EndGlobalSection
	GlobalSection(ProjectConfigurationPlatforms) = postSolution
		{E01AC1AB-0AAF-48D6-89BE-840EEB9587EF}.Debug|Any CPU.ActiveCfg = Debug|Any CPU
		{E01AC1AB-0AAF-48D6-89BE-840EEB9587EF}.Debug|Any CPU.Build.0 = Debug|Any CPU
		{E01AC1AB-0AAF-48D6-89BE-840EEB9587EF}.Release|Any CPU.ActiveCfg = Release|Any CPU
		{E01AC1AB-0AAF-48D6-89BE-840EEB9587EF}.Release|Any CPU.Build.0 = Release|Any CPU
	EndGlobalSection
	GlobalSection(SolutionProperties) = preSolution
		HideSolutionNode = FALSE
	EndGlobalSection
	GlobalSection(ExtensibilityGlobals) = postSolution
		SolutionGuid = {5D777EA9-A2A5-48EA-B6DE-C74FB6EC4C78}
	EndGlobalSection
EndGlobal
