
Microsoft Visual Studio Solution File, Format Version 12.00
# Visual Studio Version 17
VisualStudioVersion = 17.3.32811.315
MinimumVisualStudioVersion = 10.0.40219.1
Project("{F184B08F-C81C-45F6-A57F-5ABD9991F28F}") = "primeiro_contato", "primeiro_contato.vbproj", "{EE263891-C7A8-4DCB-8E05-08FCEC0B7FFF}"
EndProject
Global
	GlobalSection(SolutionConfigurationPlatforms) = preSolution
		Debug|Any CPU = Debug|Any CPU
		Release|Any CPU = Release|Any CPU
	EndGlobalSection
	GlobalSection(ProjectConfigurationPlatforms) = postSolution
		{EE263891-C7A8-4DCB-8E05-08FCEC0B7FFF}.Debug|Any CPU.ActiveCfg = Debug|Any CPU
		{EE263891-C7A8-4DCB-8E05-08FCEC0B7FFF}.Debug|Any CPU.Build.0 = Debug|Any CPU
		{EE263891-C7A8-4DCB-8E05-08FCEC0B7FFF}.Release|Any CPU.ActiveCfg = Release|Any CPU
		{EE263891-C7A8-4DCB-8E05-08FCEC0B7FFF}.Release|Any CPU.Build.0 = Release|Any CPU
	EndGlobalSection
	GlobalSection(SolutionProperties) = preSolution
		HideSolutionNode = FALSE
	EndGlobalSection
	GlobalSection(ExtensibilityGlobals) = postSolution
		SolutionGuid = {91AF58B2-DB7E-4128-BD63-E6F20753AB9B}
	EndGlobalSection
EndGlobal
